
Microsoft Visual Studio Solution File, Format Version 12.00
# Visual Studio Version 17
VisualStudioVersion = 17.6.33723.286
MinimumVisualStudioVersion = 10.0.40219.1
Project("{8BC9CEB8-8B4A-11D0-8D11-00A0C91BC942}") = "xecho", "xecho\xecho.vcxproj", "{BD9806CE-3884-41DD-B6D0-1A6F585A5043}"
EndProject
Project("{2150E333-8FDC-42A3-9474-1A3956D46DE8}") = "Solution Items", "Solution Items", "{3881AF99-08AB-4C42-9797-AC266F87214B}"
	ProjectSection(SolutionItems) = preProject
		README.md = README.md
	EndProjectSection
EndProject
Global
	GlobalSection(SolutionConfigurationPlatforms) = preSolution
		Debug|x64 = Debug|x64
		Debug|x86 = Debug|x86
		Release|x64 = Release|x64
		Release|x86 = Release|x86
	EndGlobalSection
	GlobalSection(ProjectConfigurationPlatforms) = postSolution
		{BD9806CE-3884-41DD-B6D0-1A6F585A5043}.Debug|x64.ActiveCfg = Debug|x64
		{BD9806CE-3884-41DD-B6D0-1A6F585A5043}.Debug|x64.Build.0 = Debug|x64
		{BD9806CE-3884-41DD-B6D0-1A6F585A5043}.Debug|x86.ActiveCfg = Debug|Win32
		{BD9806CE-3884-41DD-B6D0-1A6F585A5043}.Debug|x86.Build.0 = Debug|Win32
		{BD9806CE-3884-41DD-B6D0-1A6F585A5043}.Release|x64.ActiveCfg = Release|x64
		{BD9806CE-3884-41DD-B6D0-1A6F585A5043}.Release|x64.Build.0 = Release|x64
		{BD9806CE-3884-41DD-B6D0-1A6F585A5043}.Release|x86.ActiveCfg = Release|Win32
		{BD9806CE-3884-41DD-B6D0-1A6F585A5043}.Release|x86.Build.0 = Release|Win32
	EndGlobalSection
	GlobalSection(SolutionProperties) = preSolution
		HideSolutionNode = FALSE
	EndGlobalSection
	GlobalSection(ExtensibilityGlobals) = postSolution
		SolutionGuid = {68134250-CF5E-44C0-90D5-BC55A452952E}
	EndGlobalSection
EndGlobal
